
Microsoft Visual Studio Solution File, Format Version 12.00
# Visual Studio Version 16
VisualStudioVersion = 16.0.30907.101
MinimumVisualStudioVersion = 10.0.40219.1
Project("{FAE04EC0-301F-11D3-BF4B-00C04F79EFBC}") = "PokemonGo", "PokemonGo\PokemonGo.csproj", "{D6FBA125-9C4E-4346-B2ED-309418003A17}"
EndProject
Global
	GlobalSection(SolutionConfigurationPlatforms) = preSolution
		Debug|Any CPU = Debug|Any CPU
		Release|Any CPU = Release|Any CPU
	EndGlobalSection
	GlobalSection(ProjectConfigurationPlatforms) = postSolution
		{D6FBA125-9C4E-4346-B2ED-309418003A17}.Debug|Any CPU.ActiveCfg = Debug|Any CPU
		{D6FBA125-9C4E-4346-B2ED-309418003A17}.Debug|Any CPU.Build.0 = Debug|Any CPU
		{D6FBA125-9C4E-4346-B2ED-309418003A17}.Release|Any CPU.ActiveCfg = Release|Any CPU
		{D6FBA125-9C4E-4346-B2ED-309418003A17}.Release|Any CPU.Build.0 = Release|Any CPU
	EndGlobalSection
	GlobalSection(SolutionProperties) = preSolution
		HideSolutionNode = FALSE
	EndGlobalSection
	GlobalSection(ExtensibilityGlobals) = postSolution
		SolutionGuid = {A5D6D5E8-A4AB-43D7-963D-EF80B431CC0F}
	EndGlobalSection
EndGlobal
